
Microsoft Visual Studio Solution File, Format Version 12.00
# Visual Studio Version 16
VisualStudioVersion = 16.0.32228.343
MinimumVisualStudioVersion = 10.0.40219.1
Project("{FAE04EC0-301F-11D3-BF4B-00C04F79EFBC}") = "Module 7", "Module 7\Module 7.csproj", "{63F8AA4D-CF09-4E9A-9C3D-C01CB538FCF6}"
EndProject
Project("{FAE04EC0-301F-11D3-BF4B-00C04F79EFBC}") = "7.1.5", "7.1.5\7.1.5.csproj", "{12C0AF85-E2F4-405C-BA51-AD61118DE978}"
EndProject
Project("{FAE04EC0-301F-11D3-BF4B-00C04F79EFBC}") = "7.1.6", "7.1.6\7.1.6.csproj", "{30D8E3C8-0BAD-4E7B-9947-ECE22E486D65}"
EndProject
Project("{FAE04EC0-301F-11D3-BF4B-00C04F79EFBC}") = "7.1.10", "7.1.10\7.1.10.csproj", "{90383FC2-FDE3-483A-9135-5A91957DC07B}"
EndProject
Project("{FAE04EC0-301F-11D3-BF4B-00C04F79EFBC}") = "7.2.3", "7.2.3\7.2.3.csproj", "{720B40AD-8EC5-45AD-88E9-02F47B9BA97E}"
EndProject
Project("{FAE04EC0-301F-11D3-BF4B-00C04F79EFBC}") = "7.2.4", "7.2.4\7.2.4.csproj", "{D3D5B037-57FD-47AB-B961-C240C2B529F8}"
EndProject
Global
	GlobalSection(SolutionConfigurationPlatforms) = preSolution
		Debug|Any CPU = Debug|Any CPU
		Release|Any CPU = Release|Any CPU
	EndGlobalSection
	GlobalSection(ProjectConfigurationPlatforms) = postSolution
		{63F8AA4D-CF09-4E9A-9C3D-C01CB538FCF6}.Debug|Any CPU.ActiveCfg = Debug|Any CPU
		{63F8AA4D-CF09-4E9A-9C3D-C01CB538FCF6}.Debug|Any CPU.Build.0 = Debug|Any CPU
		{63F8AA4D-CF09-4E9A-9C3D-C01CB538FCF6}.Release|Any CPU.ActiveCfg = Release|Any CPU
		{63F8AA4D-CF09-4E9A-9C3D-C01CB538FCF6}.Release|Any CPU.Build.0 = Release|Any CPU
		{12C0AF85-E2F4-405C-BA51-AD61118DE978}.Debug|Any CPU.ActiveCfg = Debug|Any CPU
		{12C0AF85-E2F4-405C-BA51-AD61118DE978}.Debug|Any CPU.Build.0 = Debug|Any CPU
		{12C0AF85-E2F4-405C-BA51-AD61118DE978}.Release|Any CPU.ActiveCfg = Release|Any CPU
		{12C0AF85-E2F4-405C-BA51-AD61118DE978}.Release|Any CPU.Build.0 = Release|Any CPU
		{30D8E3C8-0BAD-4E7B-9947-ECE22E486D65}.Debug|Any CPU.ActiveCfg = Debug|Any CPU
		{30D8E3C8-0BAD-4E7B-9947-ECE22E486D65}.Debug|Any CPU.Build.0 = Debug|Any CPU
		{30D8E3C8-0BAD-4E7B-9947-ECE22E486D65}.Release|Any CPU.ActiveCfg = Release|Any CPU
		{30D8E3C8-0BAD-4E7B-9947-ECE22E486D65}.Release|Any CPU.Build.0 = Release|Any CPU
		{90383FC2-FDE3-483A-9135-5A91957DC07B}.Debug|Any CPU.ActiveCfg = Debug|Any CPU
		{90383FC2-FDE3-483A-9135-5A91957DC07B}.Debug|Any CPU.Build.0 = Debug|Any CPU
		{90383FC2-FDE3-483A-9135-5A91957DC07B}.Release|Any CPU.ActiveCfg = Release|Any CPU
		{90383FC2-FDE3-483A-9135-5A91957DC07B}.Release|Any CPU.Build.0 = Release|Any CPU
		{720B40AD-8EC5-45AD-88E9-02F47B9BA97E}.Debug|Any CPU.ActiveCfg = Debug|Any CPU
		{720B40AD-8EC5-45AD-88E9-02F47B9BA97E}.Debug|Any CPU.Build.0 = Debug|Any CPU
		{720B40AD-8EC5-45AD-88E9-02F47B9BA97E}.Release|Any CPU.ActiveCfg = Release|Any CPU
		{720B40AD-8EC5-45AD-88E9-02F47B9BA97E}.Release|Any CPU.Build.0 = Release|Any CPU
		{D3D5B037-57FD-47AB-B961-C240C2B529F8}.Debug|Any CPU.ActiveCfg = Debug|Any CPU
		{D3D5B037-57FD-47AB-B961-C240C2B529F8}.Debug|Any CPU.Build.0 = Debug|Any CPU
		{D3D5B037-57FD-47AB-B961-C240C2B529F8}.Release|Any CPU.ActiveCfg = Release|Any CPU
		{D3D5B037-57FD-47AB-B961-C240C2B529F8}.Release|Any CPU.Build.0 = Release|Any CPU
	EndGlobalSection
	GlobalSection(SolutionProperties) = preSolution
		HideSolutionNode = FALSE
	EndGlobalSection
	GlobalSection(ExtensibilityGlobals) = postSolution
		SolutionGuid = {CD08B7A4-28E2-423F-B809-77DB74482858}
	EndGlobalSection
EndGlobal
